
Microsoft Visual Studio Solution File, Format Version 12.00
# Visual Studio Version 16
VisualStudioVersion = 16.0.30907.101
MinimumVisualStudioVersion = 10.0.40219.1
Project("{FAE04EC0-301F-11D3-BF4B-00C04F79EFBC}") = "FirstAppEF", "FirstAppEF\FirstAppEF.csproj", "{DB87353C-5C7B-460F-9323-B7F30D980ADB}"
EndProject
Global
	GlobalSection(SolutionConfigurationPlatforms) = preSolution
		Debug|Any CPU = Debug|Any CPU
		Release|Any CPU = Release|Any CPU
	EndGlobalSection
	GlobalSection(ProjectConfigurationPlatforms) = postSolution
		{DB87353C-5C7B-460F-9323-B7F30D980ADB}.Debug|Any CPU.ActiveCfg = Debug|Any CPU
		{DB87353C-5C7B-460F-9323-B7F30D980ADB}.Debug|Any CPU.Build.0 = Debug|Any CPU
		{DB87353C-5C7B-460F-9323-B7F30D980ADB}.Release|Any CPU.ActiveCfg = Release|Any CPU
		{DB87353C-5C7B-460F-9323-B7F30D980ADB}.Release|Any CPU.Build.0 = Release|Any CPU
	EndGlobalSection
	GlobalSection(SolutionProperties) = preSolution
		HideSolutionNode = FALSE
	EndGlobalSection
	GlobalSection(ExtensibilityGlobals) = postSolution
		SolutionGuid = {36FDA543-11BE-460F-BBC2-C22716ECF408}
	EndGlobalSection
EndGlobal
